
Microsoft Visual Studio Solution File, Format Version 12.00
# Visual Studio Version 17
VisualStudioVersion = 17.9.34701.34
MinimumVisualStudioVersion = 10.0.40219.1
Project("{FAE04EC0-301F-11D3-BF4B-00C04F79EFBC}") = "Computer_Hardware", "demo2\Computer_Hardware.csproj", "{36650BEC-B00F-4753-BF44-62462F3BE5A7}"
EndProject
Global
	GlobalSection(SolutionConfigurationPlatforms) = preSolution
		Debug|Any CPU = Debug|Any CPU
		Release|Any CPU = Release|Any CPU
	EndGlobalSection
	GlobalSection(ProjectConfigurationPlatforms) = postSolution
		{36650BEC-B00F-4753-BF44-62462F3BE5A7}.Debug|Any CPU.ActiveCfg = Debug|Any CPU
		{36650BEC-B00F-4753-BF44-62462F3BE5A7}.Debug|Any CPU.Build.0 = Debug|Any CPU
		{36650BEC-B00F-4753-BF44-62462F3BE5A7}.Release|Any CPU.ActiveCfg = Release|Any CPU
		{36650BEC-B00F-4753-BF44-62462F3BE5A7}.Release|Any CPU.Build.0 = Release|Any CPU
	EndGlobalSection
	GlobalSection(SolutionProperties) = preSolution
		HideSolutionNode = FALSE
	EndGlobalSection
	GlobalSection(ExtensibilityGlobals) = postSolution
		SolutionGuid = {92B4CEF1-310E-4D07-B55A-0CAD804ACD74}
	EndGlobalSection
EndGlobal
